{
  "version": 4,
  "terraform_version": "1.11.4",
  "serial": 3,
  "lineage": "67e566fb-0b63-4418-a137-cb23244beda0",
  "outputs": {
    "config_file": {
      "value": "./ecr-repo-name-bfa6f5da.txt",
      "type": "string"
    }
  },
  "resources": [
    {
      "mode": "managed",
      "type": "local_file",
      "name": "ecr_config_note",
      "provider": "provider[\"registry.terraform.io/hashicorp/local\"]",
      "instances": [
        {
          "schema_version": 0,
          "attributes": {
            "content": "Planned ECR repository: fund-nav-platform-bfa6f5da (image_scanning_configuration: scan_on_push = true)",
            "content_base64": null,
            "content_base64sha256": "IEukSeMzGD7g6SEdqz+PlCzOdLUeQOxxGirESc+YbXw=",
            "content_base64sha512": "zMeoUKDsLjztZGRRSXpCieYMeaFBSsISJxG4UoVx0f+PJD8OznOIiBcAgXtRF9cTrEGd2HNKThsU5fg/9g+1rw==",
            "content_md5": "7c352692e1cceb09aa3f2dbf3f1bc325",
            "content_sha1": "f2b2a57a1879cb8d01e46c6ed6ad535fa7f5d89d",
            "content_sha256": "204ba449e333183ee0e9211dab3f8f942cce74b51e40ec711a2ac449cf986d7c",
            "content_sha512": "ccc7a850a0ec2e3ced646451497a4289e60c79a1414ac2122711b8528571d1ff8f243f0ece7388881700817b5117d713ac419dd8734a4e1b14e5f83ff60fb5af",
            "directory_permission": "0777",
            "file_permission": "0777",
            "filename": "./ecr-repo-name-bfa6f5da.txt",
            "id": "f2b2a57a1879cb8d01e46c6ed6ad535fa7f5d89d",
            "sensitive_content": null,
            "source": null
          },
          "sensitive_attributes": [
            [
              {
                "type": "get_attr",
                "value": "sensitive_content"
              }
            ]
          ],
          "dependencies": [
            "random_id.suffix"
          ]
        }
      ]
    },
    {
      "mode": "managed",
      "type": "random_id",
      "name": "suffix",
      "provider": "provider[\"registry.terraform.io/hashicorp/random\"]",
      "instances": [
        {
          "schema_version": 0,
          "attributes": {
            "b64_std": "v6b12g==",
            "b64_url": "v6b12g",
            "byte_length": 4,
            "dec": "3215390170",
            "hex": "bfa6f5da",
            "id": "v6b12g",
            "keepers": null,
            "prefix": null
          },
          "sensitive_attributes": []
        }
      ]
    }
  ],
  "check_results": null
}
